# This file is autogenerated, do not edit; changes may be undone by the next 'dep ensure'.


[[projects]]
  name = "github.com/inconshreveable/mousetrap"
  packages = ["."]
  revision = "76626ae9c91c4f2a10f34cad8ce83ea42c93bb75"
  version = "v1.0"

[[projects]]
  branch = "master"
  name = "github.com/spf13/cobra"
  packages = ["."]
  revision = "f91529fc609202eededff4de2dc0ba2f662240a3"

[[projects]]
  name = "github.com/spf13/pflag"
  packages = ["."]
  revision = "e57e3eeb33f795204c1ca35f56c44f83227c6e66"
  version = "v1.0.0"

[solve-meta]
  analyzer-name = "dep"
  analyzer-version = 1
  inputs-digest = "ee9e382c2cc9c6b6b03e86f5fd2aebdc801c952fa50fbc0c1d2097716d8afa42"
  solver-name = "gps-cdcl"
  solver-version = 1
